
Microsoft Visual Studio Solution File, Format Version 12.00
# Visual Studio 15
VisualStudioVersion = 15.0.27130.2036
MinimumVisualStudioVersion = 10.0.40219.1
Project("{2150E333-8FDC-42A3-9474-1A3956D46DE8}") = "GeeksForGeeks", "GeeksForGeeks", "{F2201EBF-DA5A-4EC3-9792-B27D10F2380D}"
EndProject
Project("{2150E333-8FDC-42A3-9474-1A3956D46DE8}") = "HackerEarth", "HackerEarth", "{AC80BE82-5D86-4DC6-B0BC-C46764CEC9A9}"
EndProject
Project("{2150E333-8FDC-42A3-9474-1A3956D46DE8}") = "Pragim", "Pragim", "{4669B72C-E2FD-432B-92FC-3950A42678CA}"
EndProject
Project("{2150E333-8FDC-42A3-9474-1A3956D46DE8}") = "Miscellaneous", "Miscellaneous", "{03BE8293-BBE6-49D4-B6DD-6AC2B3194645}"
EndProject
Project("{FAE04EC0-301F-11D3-BF4B-00C04F79EFBC}") = "ArrayRotation", "ArrayRotation\ArrayRotation.csproj", "{DB8A0E3D-132B-4C5C-9D46-78ACFFF19C8B}"
EndProject
Project("{FAE04EC0-301F-11D3-BF4B-00C04F79EFBC}") = "ArrayRotationCount", "ArrayRotationCount\ArrayRotationCount.csproj", "{907A5C46-2CE2-4FE2-AD86-8ADBA1231131}"
EndProject
Project("{FAE04EC0-301F-11D3-BF4B-00C04F79EFBC}") = "ArrayRotationReversalAlogorithm", "ArrayRotationReversalAlogorithm\ArrayRotationReversalAlogorithm.csproj", "{D1001096-B7EA-4E57-B14C-6D9A54FB3964}"
EndProject
Project("{FAE04EC0-301F-11D3-BF4B-00C04F79EFBC}") = "BinarySearch", "BinarySearch\BinarySearch.csproj", "{371DBAA0-25F5-4992-AC68-EF0A11404EC4}"
EndProject
Project("{2150E333-8FDC-42A3-9474-1A3956D46DE8}") = "DesignPattern", "DesignPattern", "{EE61926E-075C-4588-AA2E-10B460C335D7}"
EndProject
Project("{2150E333-8FDC-42A3-9474-1A3956D46DE8}") = "OnlineTest", "OnlineTest", "{03B44D27-0E19-40AC-96F1-2CAD2FB02091}"
EndProject
Project("{FAE04EC0-301F-11D3-BF4B-00C04F79EFBC}") = "TallestStudent", "TallestStudent\TallestStudent.csproj", "{36B8754C-F40B-4D09-A6D7-F1BA04D88038}"
EndProject
Project("{2150E333-8FDC-42A3-9474-1A3956D46DE8}") = "BasicsOfProgramming", "BasicsOfProgramming", "{93F3810E-085C-48E7-90A9-987B40F3E2FF}"
EndProject
Project("{2150E333-8FDC-42A3-9474-1A3956D46DE8}") = "BasicsOfInputOutput", "BasicsOfInputOutput", "{B4DF9F8D-C009-4527-A142-7ABEABF89ED7}"
EndProject
Project("{FAE04EC0-301F-11D3-BF4B-00C04F79EFBC}") = "PrimeNumber", "PrimeNumber\PrimeNumber.csproj", "{196F9BD4-901B-4139-955F-A0EF7C118CA1}"
EndProject
Project("{FAE04EC0-301F-11D3-BF4B-00C04F79EFBC}") = "SeatingArrangement", "SeatingArrangement\SeatingArrangement.csproj", "{2ECC763B-FE6A-48D3-85E5-B78D2B4A1BE5}"
EndProject
Project("{FAE04EC0-301F-11D3-BF4B-00C04F79EFBC}") = "CodeTester", "CodeTester\CodeTester.csproj", "{9B1C3D6A-1DE5-474C-AAB8-832780CCFB04}"
EndProject
Project("{2150E333-8FDC-42A3-9474-1A3956D46DE8}") = "AWS", "AWS", "{EF458DC4-FDD7-4129-855D-88630157E4CF}"
EndProject
Project("{FAE04EC0-301F-11D3-BF4B-00C04F79EFBC}") = "AWS-UX", "AWS-UX\AWS-UX.csproj", "{26603966-0E2A-4E02-8414-D51B9B8B7191}"
	ProjectSection(ProjectDependencies) = postProject
		{18B027BF-D128-4B20-8CC9-B8E70256F58B} = {18B027BF-D128-4B20-8CC9-B8E70256F58B}
	EndProjectSection
EndProject
Project("{FAE04EC0-301F-11D3-BF4B-00C04F79EFBC}") = "AWS-Service", "AWS-Service\AWS-Service.csproj", "{18B027BF-D128-4B20-8CC9-B8E70256F58B}"
EndProject
Project("{2150E333-8FDC-42A3-9474-1A3956D46DE8}") = "MVC", "MVC", "{AFAFF8B1-7A00-425A-A88D-3A34E15846BB}"
EndProject
Project("{FAE04EC0-301F-11D3-BF4B-00C04F79EFBC}") = "MVCDemo", "MVCDemo\MVCDemo.csproj", "{1E08C2BF-6D8E-43B5-8F9A-9F6C60A6D986}"
EndProject
Project("{FAE04EC0-301F-11D3-BF4B-00C04F79EFBC}") = "Proxy", "Proxy\Proxy.csproj", "{B0828C58-54AA-4356-A59F-5FADD44F721D}"
EndProject
Project("{2150E333-8FDC-42A3-9474-1A3956D46DE8}") = "WebAPI", "WebAPI", "{EAF721E5-A4DA-4B2E-9E9D-236C95DD60A3}"
EndProject
Project("{FAE04EC0-301F-11D3-BF4B-00C04F79EFBC}") = "WebAPIDemo", "WebAPIDemo\WebAPIDemo.csproj", "{A0500DEF-F77C-4BC7-892E-F9EF3B03EE4F}"
EndProject
Project("{9A19103F-16F7-4668-BE54-9A1E7A4F7556}") = "EmployeeDataAccess", "EmployeeDataAccess\EmployeeDataAccess.csproj", "{01C7933C-8433-48B0-A88B-AA522993FBA0}"
EndProject
Project("{FAE04EC0-301F-11D3-BF4B-00C04F79EFBC}") = "ChainOfResponsibility", "ChainOfResponsibility\ChainOfResponsibility.csproj", "{D19E3579-CBB5-4D4B-9491-C71F970F0F00}"
EndProject
Global
	GlobalSection(SolutionConfigurationPlatforms) = preSolution
		Debug|Any CPU = Debug|Any CPU
		Release|Any CPU = Release|Any CPU
	EndGlobalSection
	GlobalSection(ProjectConfigurationPlatforms) = postSolution
		{DB8A0E3D-132B-4C5C-9D46-78ACFFF19C8B}.Debug|Any CPU.ActiveCfg = Debug|Any CPU
		{DB8A0E3D-132B-4C5C-9D46-78ACFFF19C8B}.Debug|Any CPU.Build.0 = Debug|Any CPU
		{DB8A0E3D-132B-4C5C-9D46-78ACFFF19C8B}.Release|Any CPU.ActiveCfg = Release|Any CPU
		{DB8A0E3D-132B-4C5C-9D46-78ACFFF19C8B}.Release|Any CPU.Build.0 = Release|Any CPU
		{907A5C46-2CE2-4FE2-AD86-8ADBA1231131}.Debug|Any CPU.ActiveCfg = Debug|Any CPU
		{907A5C46-2CE2-4FE2-AD86-8ADBA1231131}.Debug|Any CPU.Build.0 = Debug|Any CPU
		{907A5C46-2CE2-4FE2-AD86-8ADBA1231131}.Release|Any CPU.ActiveCfg = Release|Any CPU
		{907A5C46-2CE2-4FE2-AD86-8ADBA1231131}.Release|Any CPU.Build.0 = Release|Any CPU
		{D1001096-B7EA-4E57-B14C-6D9A54FB3964}.Debug|Any CPU.ActiveCfg = Debug|Any CPU
		{D1001096-B7EA-4E57-B14C-6D9A54FB3964}.Debug|Any CPU.Build.0 = Debug|Any CPU
		{D1001096-B7EA-4E57-B14C-6D9A54FB3964}.Release|Any CPU.ActiveCfg = Release|Any CPU
		{D1001096-B7EA-4E57-B14C-6D9A54FB3964}.Release|Any CPU.Build.0 = Release|Any CPU
		{371DBAA0-25F5-4992-AC68-EF0A11404EC4}.Debug|Any CPU.ActiveCfg = Debug|Any CPU
		{371DBAA0-25F5-4992-AC68-EF0A11404EC4}.Debug|Any CPU.Build.0 = Debug|Any CPU
		{371DBAA0-25F5-4992-AC68-EF0A11404EC4}.Release|Any CPU.ActiveCfg = Release|Any CPU
		{371DBAA0-25F5-4992-AC68-EF0A11404EC4}.Release|Any CPU.Build.0 = Release|Any CPU
		{36B8754C-F40B-4D09-A6D7-F1BA04D88038}.Debug|Any CPU.ActiveCfg = Debug|Any CPU
		{36B8754C-F40B-4D09-A6D7-F1BA04D88038}.Debug|Any CPU.Build.0 = Debug|Any CPU
		{36B8754C-F40B-4D09-A6D7-F1BA04D88038}.Release|Any CPU.ActiveCfg = Release|Any CPU
		{36B8754C-F40B-4D09-A6D7-F1BA04D88038}.Release|Any CPU.Build.0 = Release|Any CPU
		{196F9BD4-901B-4139-955F-A0EF7C118CA1}.Debug|Any CPU.ActiveCfg = Debug|Any CPU
		{196F9BD4-901B-4139-955F-A0EF7C118CA1}.Debug|Any CPU.Build.0 = Debug|Any CPU
		{196F9BD4-901B-4139-955F-A0EF7C118CA1}.Release|Any CPU.ActiveCfg = Release|Any CPU
		{196F9BD4-901B-4139-955F-A0EF7C118CA1}.Release|Any CPU.Build.0 = Release|Any CPU
		{2ECC763B-FE6A-48D3-85E5-B78D2B4A1BE5}.Debug|Any CPU.ActiveCfg = Debug|Any CPU
		{2ECC763B-FE6A-48D3-85E5-B78D2B4A1BE5}.Debug|Any CPU.Build.0 = Debug|Any CPU
		{2ECC763B-FE6A-48D3-85E5-B78D2B4A1BE5}.Release|Any CPU.ActiveCfg = Release|Any CPU
		{2ECC763B-FE6A-48D3-85E5-B78D2B4A1BE5}.Release|Any CPU.Build.0 = Release|Any CPU
		{9B1C3D6A-1DE5-474C-AAB8-832780CCFB04}.Debug|Any CPU.ActiveCfg = Debug|Any CPU
		{9B1C3D6A-1DE5-474C-AAB8-832780CCFB04}.Debug|Any CPU.Build.0 = Debug|Any CPU
		{9B1C3D6A-1DE5-474C-AAB8-832780CCFB04}.Release|Any CPU.ActiveCfg = Release|Any CPU
		{9B1C3D6A-1DE5-474C-AAB8-832780CCFB04}.Release|Any CPU.Build.0 = Release|Any CPU
		{26603966-0E2A-4E02-8414-D51B9B8B7191}.Debug|Any CPU.ActiveCfg = Debug|Any CPU
		{26603966-0E2A-4E02-8414-D51B9B8B7191}.Debug|Any CPU.Build.0 = Debug|Any CPU
		{26603966-0E2A-4E02-8414-D51B9B8B7191}.Release|Any CPU.ActiveCfg = Release|Any CPU
		{26603966-0E2A-4E02-8414-D51B9B8B7191}.Release|Any CPU.Build.0 = Release|Any CPU
		{18B027BF-D128-4B20-8CC9-B8E70256F58B}.Debug|Any CPU.ActiveCfg = Debug|Any CPU
		{18B027BF-D128-4B20-8CC9-B8E70256F58B}.Debug|Any CPU.Build.0 = Debug|Any CPU
		{18B027BF-D128-4B20-8CC9-B8E70256F58B}.Release|Any CPU.ActiveCfg = Release|Any CPU
		{18B027BF-D128-4B20-8CC9-B8E70256F58B}.Release|Any CPU.Build.0 = Release|Any CPU
		{1E08C2BF-6D8E-43B5-8F9A-9F6C60A6D986}.Debug|Any CPU.ActiveCfg = Debug|Any CPU
		{1E08C2BF-6D8E-43B5-8F9A-9F6C60A6D986}.Debug|Any CPU.Build.0 = Debug|Any CPU
		{1E08C2BF-6D8E-43B5-8F9A-9F6C60A6D986}.Release|Any CPU.ActiveCfg = Release|Any CPU
		{1E08C2BF-6D8E-43B5-8F9A-9F6C60A6D986}.Release|Any CPU.Build.0 = Release|Any CPU
		{B0828C58-54AA-4356-A59F-5FADD44F721D}.Debug|Any CPU.ActiveCfg = Debug|Any CPU
		{B0828C58-54AA-4356-A59F-5FADD44F721D}.Debug|Any CPU.Build.0 = Debug|Any CPU
		{B0828C58-54AA-4356-A59F-5FADD44F721D}.Release|Any CPU.ActiveCfg = Release|Any CPU
		{B0828C58-54AA-4356-A59F-5FADD44F721D}.Release|Any CPU.Build.0 = Release|Any CPU
		{A0500DEF-F77C-4BC7-892E-F9EF3B03EE4F}.Debug|Any CPU.ActiveCfg = Debug|Any CPU
		{A0500DEF-F77C-4BC7-892E-F9EF3B03EE4F}.Debug|Any CPU.Build.0 = Debug|Any CPU
		{A0500DEF-F77C-4BC7-892E-F9EF3B03EE4F}.Release|Any CPU.ActiveCfg = Release|Any CPU
		{A0500DEF-F77C-4BC7-892E-F9EF3B03EE4F}.Release|Any CPU.Build.0 = Release|Any CPU
		{01C7933C-8433-48B0-A88B-AA522993FBA0}.Debug|Any CPU.ActiveCfg = Debug|Any CPU
		{01C7933C-8433-48B0-A88B-AA522993FBA0}.Debug|Any CPU.Build.0 = Debug|Any CPU
		{01C7933C-8433-48B0-A88B-AA522993FBA0}.Release|Any CPU.ActiveCfg = Release|Any CPU
		{01C7933C-8433-48B0-A88B-AA522993FBA0}.Release|Any CPU.Build.0 = Release|Any CPU
		{D19E3579-CBB5-4D4B-9491-C71F970F0F00}.Debug|Any CPU.ActiveCfg = Debug|Any CPU
		{D19E3579-CBB5-4D4B-9491-C71F970F0F00}.Debug|Any CPU.Build.0 = Debug|Any CPU
		{D19E3579-CBB5-4D4B-9491-C71F970F0F00}.Release|Any CPU.ActiveCfg = Release|Any CPU
		{D19E3579-CBB5-4D4B-9491-C71F970F0F00}.Release|Any CPU.Build.0 = Release|Any CPU
	EndGlobalSection
	GlobalSection(SolutionProperties) = preSolution
		HideSolutionNode = FALSE
	EndGlobalSection
	GlobalSection(NestedProjects) = preSolution
		{DB8A0E3D-132B-4C5C-9D46-78ACFFF19C8B} = {F2201EBF-DA5A-4EC3-9792-B27D10F2380D}
		{907A5C46-2CE2-4FE2-AD86-8ADBA1231131} = {F2201EBF-DA5A-4EC3-9792-B27D10F2380D}
		{D1001096-B7EA-4E57-B14C-6D9A54FB3964} = {F2201EBF-DA5A-4EC3-9792-B27D10F2380D}
		{371DBAA0-25F5-4992-AC68-EF0A11404EC4} = {F2201EBF-DA5A-4EC3-9792-B27D10F2380D}
		{36B8754C-F40B-4D09-A6D7-F1BA04D88038} = {03B44D27-0E19-40AC-96F1-2CAD2FB02091}
		{93F3810E-085C-48E7-90A9-987B40F3E2FF} = {AC80BE82-5D86-4DC6-B0BC-C46764CEC9A9}
		{B4DF9F8D-C009-4527-A142-7ABEABF89ED7} = {93F3810E-085C-48E7-90A9-987B40F3E2FF}
		{196F9BD4-901B-4139-955F-A0EF7C118CA1} = {B4DF9F8D-C009-4527-A142-7ABEABF89ED7}
		{2ECC763B-FE6A-48D3-85E5-B78D2B4A1BE5} = {B4DF9F8D-C009-4527-A142-7ABEABF89ED7}
		{9B1C3D6A-1DE5-474C-AAB8-832780CCFB04} = {03BE8293-BBE6-49D4-B6DD-6AC2B3194645}
		{26603966-0E2A-4E02-8414-D51B9B8B7191} = {EF458DC4-FDD7-4129-855D-88630157E4CF}
		{18B027BF-D128-4B20-8CC9-B8E70256F58B} = {EF458DC4-FDD7-4129-855D-88630157E4CF}
		{AFAFF8B1-7A00-425A-A88D-3A34E15846BB} = {4669B72C-E2FD-432B-92FC-3950A42678CA}
		{1E08C2BF-6D8E-43B5-8F9A-9F6C60A6D986} = {AFAFF8B1-7A00-425A-A88D-3A34E15846BB}
		{B0828C58-54AA-4356-A59F-5FADD44F721D} = {EE61926E-075C-4588-AA2E-10B460C335D7}
		{EAF721E5-A4DA-4B2E-9E9D-236C95DD60A3} = {4669B72C-E2FD-432B-92FC-3950A42678CA}
		{A0500DEF-F77C-4BC7-892E-F9EF3B03EE4F} = {EAF721E5-A4DA-4B2E-9E9D-236C95DD60A3}
		{01C7933C-8433-48B0-A88B-AA522993FBA0} = {4669B72C-E2FD-432B-92FC-3950A42678CA}
		{D19E3579-CBB5-4D4B-9491-C71F970F0F00} = {EE61926E-075C-4588-AA2E-10B460C335D7}
	EndGlobalSection
	GlobalSection(ExtensibilityGlobals) = postSolution
		SolutionGuid = {4300C941-7B95-44B2-A219-231CBBEC14B6}
	EndGlobalSection
EndGlobal
